
Microsoft Visual Studio Solution File, Format Version 12.00
# Visual Studio Version 17
VisualStudioVersion = 17.13.35806.99
MinimumVisualStudioVersion = 10.0.40219.1
Project("{8BC9CEB8-8B4A-11D0-8D11-00A0C91BC942}") = "Project1", "Project1.vcxproj", "{39D9BA3C-67CA-4D2A-A2D7-A13F3B265C9C}"
EndProject
Project("{54435603-DBB4-11D2-8724-00A0C9A8B90C}") = "Setup3", "D:\work\Setup3\Setup3.vdproj", "{3C4D8B6D-FCA9-3E3C-627F-6DF6E2FDF2D1}"
EndProject
Global
	GlobalSection(SolutionConfigurationPlatforms) = preSolution
		Debug|x64 = Debug|x64
		Debug|x86 = Debug|x86
		Release|x64 = Release|x64
		Release|x86 = Release|x86
	EndGlobalSection
	GlobalSection(ProjectConfigurationPlatforms) = postSolution
		{39D9BA3C-67CA-4D2A-A2D7-A13F3B265C9C}.Debug|x64.ActiveCfg = Debug|x64
		{39D9BA3C-67CA-4D2A-A2D7-A13F3B265C9C}.Debug|x64.Build.0 = Debug|x64
		{39D9BA3C-67CA-4D2A-A2D7-A13F3B265C9C}.Debug|x86.ActiveCfg = Debug|Win32
		{39D9BA3C-67CA-4D2A-A2D7-A13F3B265C9C}.Debug|x86.Build.0 = Debug|Win32
		{39D9BA3C-67CA-4D2A-A2D7-A13F3B265C9C}.Release|x64.ActiveCfg = Release|x64
		{39D9BA3C-67CA-4D2A-A2D7-A13F3B265C9C}.Release|x64.Build.0 = Release|x64
		{39D9BA3C-67CA-4D2A-A2D7-A13F3B265C9C}.Release|x86.ActiveCfg = Release|Win32
		{39D9BA3C-67CA-4D2A-A2D7-A13F3B265C9C}.Release|x86.Build.0 = Release|Win32
		{3C4D8B6D-FCA9-3E3C-627F-6DF6E2FDF2D1}.Debug|x64.ActiveCfg = Debug
		{3C4D8B6D-FCA9-3E3C-627F-6DF6E2FDF2D1}.Debug|x86.ActiveCfg = Debug
		{3C4D8B6D-FCA9-3E3C-627F-6DF6E2FDF2D1}.Release|x64.ActiveCfg = Release
		{3C4D8B6D-FCA9-3E3C-627F-6DF6E2FDF2D1}.Release|x86.ActiveCfg = Release
	EndGlobalSection
	GlobalSection(SolutionProperties) = preSolution
		HideSolutionNode = FALSE
	EndGlobalSection
	GlobalSection(ExtensibilityGlobals) = postSolution
		SolutionGuid = {BF4D45FE-EFA2-4879-BB08-0A38C1B94D05}
	EndGlobalSection
EndGlobal
